// !$*UTF8*$!
{
	archiveVersion = 1;
	classes = {
	};
	objectVersion = 48;
	objects = {

/* Begin PBXBuildFile section */
		182ED2DA2059DCF200F89B9D /* AppDelegate.swift in Sources */ = {isa = PBXBuildFile; fileRef = 182ED2D92059DCF200F89B9D /* AppDelegate.swift */; };
		182ED2DC2059DCF200F89B9D /* ViewController.swift in Sources */ = {isa = PBXBuildFile; fileRef = 182ED2DB2059DCF200F89B9D /* ViewController.swift */; };
		182ED2DF2059DCF200F89B9D /* Main.storyboard in Resources */ = {isa = PBXBuildFile; fileRef = 182ED2DD2059DCF200F89B9D /* Main.storyboard */; };
		182ED2E12059DCF200F89B9D /* Assets.xcassets in Resources */ = {isa = PBXBuildFile; fileRef = 182ED2E02059DCF200F89B9D /* Assets.xcassets */; };
		182ED2E42059DCF200F89B9D /* LaunchScreen.storyboard in Resources */ = {isa = PBXBuildFile; fileRef = 182ED2E22059DCF200F89B9D /* LaunchScreen.storyboard */; };
		182ED2EF2059DCF200F89B9D /* app_swooshTests.swift in Sources */ = {isa = PBXBuildFile; fileRef = 182ED2EE2059DCF200F89B9D /* app_swooshTests.swift */; };
		182ED2FA2059DCF200F89B9D /* app_swooshUITests.swift in Sources */ = {isa = PBXBuildFile; fileRef = 182ED2F92059DCF200F89B9D /* app_swooshUITests.swift */; };
/* End PBXBuildFile section */

/* Begin PBXContainerItemProxy section */
		182ED2EB2059DCF200F89B9D /* PBXContainerItemProxy */ = {
			isa = PBXContainerItemProxy;
			containerPortal = 182ED2CE2059DCF200F89B9D /* Project object */;
			proxyType = 1;
			remoteGlobalIDString = 182ED2D52059DCF200F89B9D;
			remoteInfo = "app-swoosh";
		};
		182ED2F62059DCF200F89B9D /* PBXContainerItemProxy */ = {
			isa = PBXContainerItemProxy;
			containerPortal = 182ED2CE2059DCF200F89B9D /* Project object */;
			proxyType = 1;
			remoteGlobalIDString = 182ED2D52059DCF200F89B9D;
			remoteInfo = "app-swoosh";
		};
/* End PBXContainerItemProxy section */

/* Begin PBXFileReference section */
		182ED2D62059DCF200F89B9D /* app-swoosh.app */ = {isa = PBXFileReference; explicitFileType = wrapper.application; includeInIndex = 0; path = "app-swoosh.app"; sourceTree = BUILT_PRODUCTS_DIR; };
		182ED2D92059DCF200F89B9D /* AppDelegate.swift */ = {isa = PBXFileReference; lastKnownFileType = sourcecode.swift; path = AppDelegate.swift; sourceTree = "<group>"; };
		182ED2DB2059DCF200F89B9D /* ViewController.swift */ = {isa = PBXFileReference; lastKnownFileType = sourcecode.swift; path = ViewController.swift; sourceTree = "<group>"; };
		182ED2DE2059DCF200F89B9D /* Base */ = {isa = PBXFileReference; lastKnownFileType = file.storyboard; name = Base; path = Base.lproj/Main.storyboard; sourceTree = "<group>"; };
		182ED2E02059DCF200F89B9D /* Assets.xcassets */ = {isa = PBXFileReference; lastKnownFileType = folder.assetcatalog; path = Assets.xcassets; sourceTree = "<group>"; };
		182ED2E32059DCF200F89B9D /* Base */ = {isa = PBXFileReference; lastKnownFileType = file.storyboard; name = Base; path = Base.lproj/LaunchScreen.storyboard; sourceTree = "<group>"; };
		182ED2E52059DCF200F89B9D /* Info.plist */ = {isa = PBXFileReference; lastKnownFileType = text.plist.xml; path = Info.plist; sourceTree = "<group>"; };
		182ED2EA2059DCF200F89B9D /* app-swooshTests.xctest */ = {isa = PBXFileReference; explicitFileType = wrapper.cfbundle; includeInIndex = 0; path = "app-swooshTests.xctest"; sourceTree = BUILT_PRODUCTS_DIR; };
		182ED2EE2059DCF200F89B9D /* app_swooshTests.swift */ = {isa = PBXFileReference; lastKnownFileType = sourcecode.swift; path = app_swooshTests.swift; sourceTree = "<group>"; };
		182ED2F02059DCF200F89B9D /* Info.plist */ = {isa = PBXFileReference; lastKnownFileType = text.plist.xml; path = Info.plist; sourceTree = "<group>"; };
		182ED2F52059DCF200F89B9D /* app-swooshUITests.xctest */ = {isa = PBXFileReference; explicitFileType = wrapper.cfbundle; includeInIndex = 0; path = "app-swooshUITests.xctest"; sourceTree = BUILT_PRODUCTS_DIR; };
		182ED2F92059DCF200F89B9D /* app_swooshUITests.swift */ = {isa = PBXFileReference; lastKnownFileType = sourcecode.swift; path = app_swooshUITests.swift; sourceTree = "<group>"; };
		182ED2FB2059DCF200F89B9D /* Info.plist */ = {isa = PBXFileReference; lastKnownFileType = text.plist.xml; path = Info.plist; sourceTree = "<group>"; };
/* End PBXFileReference section */

/* Begin PBXFrameworksBuildPhase section */
		182ED2D32059DCF200F89B9D /* Frameworks */ = {
			isa = PBXFrameworksBuildPhase;
			buildActionMask = 2147483647;
			files = (
			);
			runOnlyForDeploymentPostprocessing = 0;
		};
		182ED2E72059DCF200F89B9D /* Frameworks */ = {
			isa = PBXFrameworksBuildPhase;
			buildActionMask = 2147483647;
			files = (
			);
			runOnlyForDeploymentPostprocessing = 0;
		};
		182ED2F22059DCF200F89B9D /* Frameworks */ = {
			isa = PBXFrameworksBuildPhase;
			buildActionMask = 2147483647;
			files = (
			);
			runOnlyForDeploymentPostprocessing = 0;
		};
/* End PBXFrameworksBuildPhase section */

/* Begin PBXGroup section */
		182ED2CD2059DCF200F89B9D = {
			isa = PBXGroup;
			children = (
				182ED2D82059DCF200F89B9D /* app-swoosh */,
				182ED2ED2059DCF200F89B9D /* app-swooshTests */,
				182ED2F82059DCF200F89B9D /* app-swooshUITests */,
				182ED2D72059DCF200F89B9D /* Products */,
			);
			sourceTree = "<group>";
		};
		182ED2D72059DCF200F89B9D /* Products */ = {
			isa = PBXGroup;
			children = (
				182ED2D62059DCF200F89B9D /* app-swoosh.app */,
				182ED2EA2059DCF200F89B9D /* app-swooshTests.xctest */,
				182ED2F52059DCF200F89B9D /* app-swooshUITests.xctest */,
			);
			name = Products;
			sourceTree = "<group>";
		};
		182ED2D82059DCF200F89B9D /* app-swoosh */ = {
			isa = PBXGroup;
			children = (
				182ED2D92059DCF200F89B9D /* AppDelegate.swift */,
				182ED2DB2059DCF200F89B9D /* ViewController.swift */,
				182ED2DD2059DCF200F89B9D /* Main.storyboard */,
				182ED2E02059DCF200F89B9D /* Assets.xcassets */,
				182ED2E22059DCF200F89B9D /* LaunchScreen.storyboard */,
				182ED2E52059DCF200F89B9D /* Info.plist */,
			);
			path = "app-swoosh";
			sourceTree = "<group>";
		};
		182ED2ED2059DCF200F89B9D /* app-swooshTests */ = {
			isa = PBXGroup;
			children = (
				182ED2EE2059DCF200F89B9D /* app_swooshTests.swift */,
				182ED2F02059DCF200F89B9D /* Info.plist */,
			);
			path = "app-swooshTests";
			sourceTree = "<group>";
		};
		182ED2F82059DCF200F89B9D /* app-swooshUITests */ = {
			isa = PBXGroup;
			children = (
				182ED2F92059DCF200F89B9D /* app_swooshUITests.swift */,
				182ED2FB2059DCF200F89B9D /* Info.plist */,
			);
			path = "app-swooshUITests";
			sourceTree = "<group>";
		};
/* End PBXGroup section */

/* Begin PBXNativeTarget section */
		182ED2D52059DCF200F89B9D /* app-swoosh */ = {
			isa = PBXNativeTarget;
			buildConfigurationList = 182ED2FE2059DCF200F89B9D /* Build configuration list for PBXNativeTarget "app-swoosh" */;
			buildPhases = (
				182ED2D22059DCF200F89B9D /* Sources */,
				182ED2D32059DCF200F89B9D /* Frameworks */,
				182ED2D42059DCF200F89B9D /* Resources */,
			);
			buildRules = (
			);
			dependencies = (
			);
			name = "app-swoosh";
			productName = "app-swoosh";
			productReference = 182ED2D62059DCF200F89B9D /* app-swoosh.app */;
			productType = "com.apple.product-type.application";
		};
		182ED2E92059DCF200F89B9D /* app-swooshTests */ = {
			isa = PBXNativeTarget;
			buildConfigurationList = 182ED3012059DCF200F89B9D /* Build configuration list for PBXNativeTarget "app-swooshTests" */;
			buildPhases = (
				182ED2E62059DCF200F89B9D /* Sources */,
				182ED2E72059DCF200F89B9D /* Frameworks */,
				182ED2E82059DCF200F89B9D /* Resources */,
			);
			buildRules = (
			);
			dependencies = (
				182ED2EC2059DCF200F89B9D /* PBXTargetDependency */,
			);
			name = "app-swooshTests";
			productName = "app-swooshTests";
			productReference = 182ED2EA2059DCF200F89B9D /* app-swooshTests.xctest */;
			productType = "com.apple.product-type.bundle.unit-test";
		};
		182ED2F42059DCF200F89B9D /* app-swooshUITests */ = {
			isa = PBXNativeTarget;
			buildConfigurationList = 182ED3042059DCF200F89B9D /* Build configuration list for PBXNativeTarget "app-swooshUITests" */;
			buildPhases = (
				182ED2F12059DCF200F89B9D /* Sources */,
				182ED2F22059DCF200F89B9D /* Frameworks */,
				182ED2F32059DCF200F89B9D /* Resources */,
			);
			buildRules = (
			);
			dependencies = (
				182ED2F72059DCF200F89B9D /* PBXTargetDependency */,
			);
			name = "app-swooshUITests";
			productName = "app-swooshUITests";
			productReference = 182ED2F52059DCF200F89B9D /* app-swooshUITests.xctest */;
			productType = "com.apple.product-type.bundle.ui-testing";
		};
/* End PBXNativeTarget section */

/* Begin PBXProject section */
		182ED2CE2059DCF200F89B9D /* Project object */ = {
			isa = PBXProject;
			attributes = {
				LastSwiftUpdateCheck = 0920;
				LastUpgradeCheck = 0920;
				ORGANIZATIONNAME = "Wyatt Steele";
				TargetAttributes = {
					182ED2D52059DCF200F89B9D = {
						CreatedOnToolsVersion = 9.2;
						ProvisioningStyle = Automatic;
					};
					182ED2E92059DCF200F89B9D = {
						CreatedOnToolsVersion = 9.2;
						ProvisioningStyle = Automatic;
						TestTargetID = 182ED2D52059DCF200F89B9D;
					};
					182ED2F42059DCF200F89B9D = {
						CreatedOnToolsVersion = 9.2;
						ProvisioningStyle = Automatic;
						TestTargetID = 182ED2D52059DCF200F89B9D;
					};
				};
			};
			buildConfigurationList = 182ED2D12059DCF200F89B9D /* Build configuration list for PBXProject "app-swoosh" */;
			compatibilityVersion = "Xcode 8.0";
			developmentRegion = en;
			hasScannedForEncodings = 0;
			knownRegions = (
				en,
				Base,
			);
			mainGroup = 182ED2CD2059DCF200F89B9D;
			productRefGroup = 182ED2D72059DCF200F89B9D /* Products */;
			projectDirPath = "";
			projectRoot = "";
			targets = (
				182ED2D52059DCF200F89B9D /* app-swoosh */,
				182ED2E92059DCF200F89B9D /* app-swooshTests */,
				182ED2F42059DCF200F89B9D /* app-swooshUITests */,
			);
		};
/* End PBXProject section */

/* Begin PBXResourcesBuildPhase section */
		182ED2D42059DCF200F89B9D /* Resources */ = {
			isa = PBXResourcesBuildPhase;
			buildActionMask = 2147483647;
			files = (
				182ED2E42059DCF200F89B9D /* LaunchScreen.storyboard in Resources */,
				182ED2E12059DCF200F89B9D /* Assets.xcassets in Resources */,
				182ED2DF2059DCF200F89B9D /* Main.storyboard in Resources */,
			);
			runOnlyForDeploymentPostprocessing = 0;
		};
		182ED2E82059DCF200F89B9D /* Resources */ = {
			isa = PBXResourcesBuildPhase;
			buildActionMask = 2147483647;
			files = (
			);
			runOnlyForDeploymentPostprocessing = 0;
		};
		182ED2F32059DCF200F89B9D /* Resources */ = {
			isa = PBXResourcesBuildPhase;
			buildActionMask = 2147483647;
			files = (
			);
			runOnlyForDeploymentPostprocessing = 0;
		};
/* End PBXResourcesBuildPhase section */

/* Begin PBXSourcesBuildPhase section */
		182ED2D22059DCF200F89B9D /* Sources */ = {
			isa = PBXSourcesBuildPhase;
			buildActionMask = 2147483647;
			files = (
				182ED2DC2059DCF200F89B9D /* ViewController.swift in Sources */,
				182ED2DA2059DCF200F89B9D /* AppDelegate.swift in Sources */,
			);
			runOnlyForDeploymentPostprocessing = 0;
		};
		182ED2E62059DCF200F89B9D /* Sources */ = {
			isa = PBXSourcesBuildPhase;
			buildActionMask = 2147483647;
			files = (
				182ED2EF2059DCF200F89B9D /* app_swooshTests.swift in Sources */,
			);
			runOnlyForDeploymentPostprocessing = 0;
		};
		182ED2F12059DCF200F89B9D /* Sources */ = {
			isa = PBXSourcesBuildPhase;
			buildActionMask = 2147483647;
			files = (
				182ED2FA2059DCF200F89B9D /* app_swooshUITests.swift in Sources */,
			);
			runOnlyForDeploymentPostprocessing = 0;
		};
/* End PBXSourcesBuildPhase section */

/* Begin PBXTargetDependency section */
		182ED2EC2059DCF200F89B9D /* PBXTargetDependency */ = {
			isa = PBXTargetDependency;
			target = 182ED2D52059DCF200F89B9D /* app-swoosh */;
			targetProxy = 182ED2EB2059DCF200F89B9D /* PBXContainerItemProxy */;
		};
		182ED2F72059DCF200F89B9D /* PBXTargetDependency */ = {
			isa = PBXTargetDependency;
			target = 182ED2D52059DCF200F89B9D /* app-swoosh */;
			targetProxy = 182ED2F62059DCF200F89B9D /* PBXContainerItemProxy */;
		};
/* End PBXTargetDependency section */

/* Begin PBXVariantGroup section */
		182ED2DD2059DCF200F89B9D /* Main.storyboard */ = {
			isa = PBXVariantGroup;
			children = (
				182ED2DE2059DCF200F89B9D /* Base */,
			);
			name = Main.storyboard;
			sourceTree = "<group>";
		};
		182ED2E22059DCF200F89B9D /* LaunchScreen.storyboard */ = {
			isa = PBXVariantGroup;
			children = (
				182ED2E32059DCF200F89B9D /* Base */,
			);
			name = LaunchScreen.storyboard;
			sourceTree = "<group>";
		};
/* End PBXVariantGroup section */

/* Begin XCBuildConfiguration section */
		182ED2FC2059DCF200F89B9D /* Debug */ = {
			isa = XCBuildConfiguration;
			buildSettings = {
				ALWAYS_SEARCH_USER_PATHS = NO;
				CLANG_ANALYZER_NONNULL = YES;
				CLANG_ANALYZER_NUMBER_OBJECT_CONVERSION = YES_AGGRESSIVE;
				CLANG_CXX_LANGUAGE_STANDARD = "gnu++14";
				CLANG_CXX_LIBRARY = "libc++";
				CLANG_ENABLE_MODULES = YES;
				CLANG_ENABLE_OBJC_ARC = YES;
				CLANG_WARN_BLOCK_CAPTURE_AUTORELEASING = YES;
				CLANG_WARN_BOOL_CONVERSION = YES;
				CLANG_WARN_COMMA = YES;
				CLANG_WARN_CONSTANT_CONVERSION = YES;
				CLANG_WARN_DIRECT_OBJC_ISA_USAGE = YES_ERROR;
				CLANG_WARN_DOCUMENTATION_COMMENTS = YES;
				CLANG_WARN_EMPTY_BODY = YES;
				CLANG_WARN_ENUM_CONVERSION = YES;
				CLANG_WARN_INFINITE_RECURSION = YES;
				CLANG_WARN_INT_CONVERSION = YES;
				CLANG_WARN_NON_LITERAL_NULL_CONVERSION = YES;
				CLANG_WARN_OBJC_LITERAL_CONVERSION = YES;
				CLANG_WARN_OBJC_ROOT_CLASS = YES_ERROR;
				CLANG_WARN_RANGE_LOOP_ANALYSIS = YES;
				CLANG_WARN_STRICT_PROTOTYPES = YES;
				CLANG_WARN_SUSPICIOUS_MOVE = YES;
				CLANG_WARN_UNGUARDED_AVAILABILITY = YES_AGGRESSIVE;
				CLANG_WARN_UNREACHABLE_CODE = YES;
				CLANG_WARN__DUPLICATE_METHOD_MATCH = YES;
				CODE_SIGN_IDENTITY = "iPhone Developer";
				COPY_PHASE_STRIP = NO;
				DEBUG_INFORMATION_FORMAT = dwarf;
				ENABLE_STRICT_OBJC_MSGSEND = YES;
				ENABLE_TESTABILITY = YES;
				GCC_C_LANGUAGE_STANDARD = gnu11;
				GCC_DYNAMIC_NO_PIC = NO;
				GCC_NO_COMMON_BLOCKS = YES;
				GCC_OPTIMIZATION_LEVEL = 0;
				GCC_PREPROCESSOR_DEFINITIONS = (
					"DEBUG=1",
					"$(inherited)",
				);
				GCC_WARN_64_TO_32_BIT_CONVERSION = YES;
				GCC_WARN_ABOUT_RETURN_TYPE = YES_ERROR;
				GCC_WARN_UNDECLARED_SELECTOR = YES;
				GCC_WARN_UNINITIALIZED_AUTOS = YES_AGGRESSIVE;
				GCC_WARN_UNUSED_FUNCTION = YES;
				GCC_WARN_UNUSED_VARIABLE = YES;
				IPHONEOS_DEPLOYMENT_TARGET = 11.2;
				MTL_ENABLE_DEBUG_INFO = YES;
				ONLY_ACTIVE_ARCH = YES;
				SDKROOT = iphoneos;
				SWIFT_ACTIVE_COMPILATION_CONDITIONS = DEBUG;
				SWIFT_OPTIMIZATION_LEVEL = "-Onone";
			};
			name = Debug;
		};
		182ED2FD2059DCF200F89B9D /* Release */ = {
			isa = XCBuildConfiguration;
			buildSettings = {
				ALWAYS_SEARCH_USER_PATHS = NO;
				CLANG_ANALYZER_NONNULL = YES;
				CLANG_ANALYZER_NUMBER_OBJECT_CONVERSION = YES_AGGRESSIVE;
				CLANG_CXX_LANGUAGE_STANDARD = "gnu++14";
				CLANG_CXX_LIBRARY = "libc++";
				CLANG_ENABLE_MODULES = YES;
				CLANG_ENABLE_OBJC_ARC = YES;
				CLANG_WARN_BLOCK_CAPTURE_AUTORELEASING = YES;
				CLANG_WARN_BOOL_CONVERSION = YES;
				CLANG_WARN_COMMA = YES;
				CLANG_WARN_CONSTANT_CONVERSION = YES;
				CLANG_WARN_DIRECT_OBJC_ISA_USAGE = YES_ERROR;
				CLANG_WARN_DOCUMENTATION_COMMENTS = YES;
				CLANG_WARN_EMPTY_BODY = YES;
				CLANG_WARN_ENUM_CONVERSION = YES;
				CLANG_WARN_INFINITE_RECURSION = YES;
				CLANG_WARN_INT_CONVERSION = YES;
				CLANG_WARN_NON_LITERAL_NULL_CONVERSION = YES;
				CLANG_WARN_OBJC_LITERAL_CONVERSION = YES;
				CLANG_WARN_OBJC_ROOT_CLASS = YES_ERROR;
				CLANG_WARN_RANGE_LOOP_ANALYSIS = YES;
				CLANG_WARN_STRICT_PROTOTYPES = YES;
				CLANG_WARN_SUSPICIOUS_MOVE = YES;
				CLANG_WARN_UNGUARDED_AVAILABILITY = YES_AGGRESSIVE;
				CLANG_WARN_UNREACHABLE_CODE = YES;
				CLANG_WARN__DUPLICATE_METHOD_MATCH = YES;
				CODE_SIGN_IDENTITY = "iPhone Developer";
				COPY_PHASE_STRIP = NO;
				DEBUG_INFORMATION_FORMAT = "dwarf-with-dsym";
				ENABLE_NS_ASSERTIONS = NO;
				ENABLE_STRICT_OBJC_MSGSEND = YES;
				GCC_C_LANGUAGE_STANDARD = gnu11;
				GCC_NO_COMMON_BLOCKS = YES;
				GCC_WARN_64_TO_32_BIT_CONVERSION = YES;
				GCC_WARN_ABOUT_RETURN_TYPE = YES_ERROR;
				GCC_WARN_UNDECLARED_SELECTOR = YES;
				GCC_WARN_UNINITIALIZED_AUTOS = YES_AGGRESSIVE;
				GCC_WARN_UNUSED_FUNCTION = YES;
				GCC_WARN_UNUSED_VARIABLE = YES;
				IPHONEOS_DEPLOYMENT_TARGET = 11.2;
				MTL_ENABLE_DEBUG_INFO = NO;
				SDKROOT = iphoneos;
				SWIFT_OPTIMIZATION_LEVEL = "-Owholemodule";
				VALIDATE_PRODUCT = YES;
			};
			name = Release;
		};
		182ED2FF2059DCF200F89B9D /* Debug */ = {
			isa = XCBuildConfiguration;
			buildSettings = {
				ASSETCATALOG_COMPILER_APPICON_NAME = AppIcon;
				CODE_SIGN_STYLE = Automatic;
				INFOPLIST_FILE = "app-swoosh/Info.plist";
				LD_RUNPATH_SEARCH_PATHS = "$(inherited) @executable_path/Frameworks";
				PRODUCT_BUNDLE_IDENTIFIER = "wyatt-s-apps.app-swoosh";
				PRODUCT_NAME = "$(TARGET_NAME)";
				SWIFT_VERSION = 4.0;
				TARGETED_DEVICE_FAMILY = "1,2";
			};
			name = Debug;
		};
		182ED3002059DCF200F89B9D /* Release */ = {
			isa = XCBuildConfiguration;
			buildSettings = {
				ASSETCATALOG_COMPILER_APPICON_NAME = AppIcon;
				CODE_SIGN_STYLE = Automatic;
				INFOPLIST_FILE = "app-swoosh/Info.plist";
				LD_RUNPATH_SEARCH_PATHS = "$(inherited) @executable_path/Frameworks";
				PRODUCT_BUNDLE_IDENTIFIER = "wyatt-s-apps.app-swoosh";
				PRODUCT_NAME = "$(TARGET_NAME)";
				SWIFT_VERSION = 4.0;
				TARGETED_DEVICE_FAMILY = "1,2";
			};
			name = Release;
		};
		182ED3022059DCF200F89B9D /* Debug */ = {
			isa = XCBuildConfiguration;
			buildSettings = {
				ALWAYS_EMBED_SWIFT_STANDARD_LIBRARIES = YES;
				BUNDLE_LOADER = "$(TEST_HOST)";
				CODE_SIGN_STYLE = Automatic;
				INFOPLIST_FILE = "app-swooshTests/Info.plist";
				LD_RUNPATH_SEARCH_PATHS = "$(inherited) @executable_path/Frameworks @loader_path/Frameworks";
				PRODUCT_BUNDLE_IDENTIFIER = "wyatt-s-apps.app-swooshTests";
				PRODUCT_NAME = "$(TARGET_NAME)";
				SWIFT_VERSION = 4.0;
				TARGETED_DEVICE_FAMILY = "1,2";
				TEST_HOST = "$(BUILT_PRODUCTS_DIR)/app-swoosh.app/app-swoosh";
			};
			name = Debug;
		};
		182ED3032059DCF200F89B9D /* Release */ = {
			isa = XCBuildConfiguration;
			buildSettings = {
				ALWAYS_EMBED_SWIFT_STANDARD_LIBRARIES = YES;
				BUNDLE_LOADER = "$(TEST_HOST)";
				CODE_SIGN_STYLE = Automatic;
				INFOPLIST_FILE = "app-swooshTests/Info.plist";
				LD_RUNPATH_SEARCH_PATHS = "$(inherited) @executable_path/Frameworks @loader_path/Frameworks";
				PRODUCT_BUNDLE_IDENTIFIER = "wyatt-s-apps.app-swooshTests";
				PRODUCT_NAME = "$(TARGET_NAME)";
				SWIFT_VERSION = 4.0;
				TARGETED_DEVICE_FAMILY = "1,2";
				TEST_HOST = "$(BUILT_PRODUCTS_DIR)/app-swoosh.app/app-swoosh";
			};
			name = Release;
		};
		182ED3052059DCF200F89B9D /* Debug */ = {
			isa = XCBuildConfiguration;
			buildSettings = {
				ALWAYS_EMBED_SWIFT_STANDARD_LIBRARIES = YES;
				CODE_SIGN_STYLE = Automatic;
				INFOPLIST_FILE = "app-swooshUITests/Info.plist";
				LD_RUNPATH_SEARCH_PATHS = "$(inherited) @executable_path/Frameworks @loader_path/Frameworks";
				PRODUCT_BUNDLE_IDENTIFIER = "wyatt-s-apps.app-swooshUITests";
				PRODUCT_NAME = "$(TARGET_NAME)";
				SWIFT_VERSION = 4.0;
				TARGETED_DEVICE_FAMILY = "1,2";
				TEST_TARGET_NAME = "app-swoosh";
			};
			name = Debug;
		};
		182ED3062059DCF200F89B9D /* Release */ = {
			isa = XCBuildConfiguration;
			buildSettings = {
				ALWAYS_EMBED_SWIFT_STANDARD_LIBRARIES = YES;
				CODE_SIGN_STYLE = Automatic;
				INFOPLIST_FILE = "app-swooshUITests/Info.plist";
				LD_RUNPATH_SEARCH_PATHS = "$(inherited) @executable_path/Frameworks @loader_path/Frameworks";
				PRODUCT_BUNDLE_IDENTIFIER = "wyatt-s-apps.app-swooshUITests";
				PRODUCT_NAME = "$(TARGET_NAME)";
				SWIFT_VERSION = 4.0;
				TARGETED_DEVICE_FAMILY = "1,2";
				TEST_TARGET_NAME = "app-swoosh";
			};
			name = Release;
		};
/* End XCBuildConfiguration section */

/* Begin XCConfigurationList section */
		182ED2D12059DCF200F89B9D /* Build configuration list for PBXProject "app-swoosh" */ = {
			isa = XCConfigurationList;
			buildConfigurations = (
				182ED2FC2059DCF200F89B9D /* Debug */,
				182ED2FD2059DCF200F89B9D /* Release */,
			);
			defaultConfigurationIsVisible = 0;
			defaultConfigurationName = Release;
		};
		182ED2FE2059DCF200F89B9D /* Build configuration list for PBXNativeTarget "app-swoosh" */ = {
			isa = XCConfigurationList;
			buildConfigurations = (
				182ED2FF2059DCF200F89B9D /* Debug */,
				182ED3002059DCF200F89B9D /* Release */,
			);
			defaultConfigurationIsVisible = 0;
			defaultConfigurationName = Release;
		};
		182ED3012059DCF200F89B9D /* Build configuration list for PBXNativeTarget "app-swooshTests" */ = {
			isa = XCConfigurationList;
			buildConfigurations = (
				182ED3022059DCF200F89B9D /* Debug */,
				182ED3032059DCF200F89B9D /* Release */,
			);
			defaultConfigurationIsVisible = 0;
			defaultConfigurationName = Release;
		};
		182ED3042059DCF200F89B9D /* Build configuration list for PBXNativeTarget "app-swooshUITests" */ = {
			isa = XCConfigurationList;
			buildConfigurations = (
				182ED3052059DCF200F89B9D /* Debug */,
				182ED3062059DCF200F89B9D /* Release */,
			);
			defaultConfigurationIsVisible = 0;
			defaultConfigurationName = Release;
		};
/* End XCConfigurationList section */
	};
	rootObject = 182ED2CE2059DCF200F89B9D /* Project object */;
}
